
Microsoft Visual Studio Solution File, Format Version 12.00
# Visual Studio Version 16
VisualStudioVersion = 16.0.30225.117
MinimumVisualStudioVersion = 10.0.40219.1
Project("{8BC9CEB8-8B4A-11D0-8D11-00A0C91BC942}") = "Program22_OrderedOutput", "Program22_OrderedOutput.vcxproj", "{237C9D62-40A3-4E55-B843-636011AC92C2}"
EndProject
Global
	GlobalSection(SolutionConfigurationPlatforms) = preSolution
		Debug|x64 = Debug|x64
		Debug|x86 = Debug|x86
		Release|x64 = Release|x64
		Release|x86 = Release|x86
	EndGlobalSection
	GlobalSection(ProjectConfigurationPlatforms) = postSolution
		{237C9D62-40A3-4E55-B843-636011AC92C2}.Debug|x64.ActiveCfg = Debug|x64
		{237C9D62-40A3-4E55-B843-636011AC92C2}.Debug|x64.Build.0 = Debug|x64
		{237C9D62-40A3-4E55-B843-636011AC92C2}.Debug|x86.ActiveCfg = Debug|Win32
		{237C9D62-40A3-4E55-B843-636011AC92C2}.Debug|x86.Build.0 = Debug|Win32
		{237C9D62-40A3-4E55-B843-636011AC92C2}.Release|x64.ActiveCfg = Release|x64
		{237C9D62-40A3-4E55-B843-636011AC92C2}.Release|x64.Build.0 = Release|x64
		{237C9D62-40A3-4E55-B843-636011AC92C2}.Release|x86.ActiveCfg = Release|Win32
		{237C9D62-40A3-4E55-B843-636011AC92C2}.Release|x86.Build.0 = Release|Win32
	EndGlobalSection
	GlobalSection(SolutionProperties) = preSolution
		HideSolutionNode = FALSE
	EndGlobalSection
	GlobalSection(ExtensibilityGlobals) = postSolution
		SolutionGuid = {C692A9AD-D27A-474D-BB4E-217354628F19}
	EndGlobalSection
EndGlobal
